// !$*UTF8*$!
{
	archiveVersion = 1;
	classes = {
	};
	objectVersion = 51;
	objects = {

/* Begin PBXBuildFile section */
		3A299548267BC44B00869A25 /* CountryModel.swift in Sources */ = {isa = PBXBuildFile; fileRef = 3A299547267BC44B00869A25 /* CountryModel.swift */; };
		3A299550267BC6B900869A25 /* CategoryModel.swift in Sources */ = {isa = PBXBuildFile; fileRef = 3A29954F267BC6B900869A25 /* CategoryModel.swift */; };
		3A299556267BE5FC00869A25 /* CategoryCellView.swift in Sources */ = {isa = PBXBuildFile; fileRef = 3A299555267BE5FC00869A25 /* CategoryCellView.swift */; };
		3A2C3590267C1B7500C53160 /* ReusableCollectionViewHeader.swift in Sources */ = {isa = PBXBuildFile; fileRef = 3A2C358F267C1B7500C53160 /* ReusableCollectionViewHeader.swift */; };
		3A38B676267A764D004F05B9 /* AppDelegate.swift in Sources */ = {isa = PBXBuildFile; fileRef = 3A38B675267A764D004F05B9 /* AppDelegate.swift */; };
		3A38B678267A764D004F05B9 /* SceneDelegate.swift in Sources */ = {isa = PBXBuildFile; fileRef = 3A38B677267A764D004F05B9 /* SceneDelegate.swift */; };
		3A38B67F267A764F004F05B9 /* Assets.xcassets in Resources */ = {isa = PBXBuildFile; fileRef = 3A38B67E267A764F004F05B9 /* Assets.xcassets */; };
		3A38B682267A764F004F05B9 /* LaunchScreen.storyboard in Resources */ = {isa = PBXBuildFile; fileRef = 3A38B680267A764F004F05B9 /* LaunchScreen.storyboard */; };
		3A38B68D267A764F004F05B9 /* MercadoLibreTestTests.swift in Sources */ = {isa = PBXBuildFile; fileRef = 3A38B68C267A764F004F05B9 /* MercadoLibreTestTests.swift */; };
		3A38B698267A764F004F05B9 /* MercadoLibreTestUITests.swift in Sources */ = {isa = PBXBuildFile; fileRef = 3A38B697267A764F004F05B9 /* MercadoLibreTestUITests.swift */; };
		3A61CCB9267A80CE00F2DCCE /* HomeView.swift in Sources */ = {isa = PBXBuildFile; fileRef = 3A61CCB8267A80CE00F2DCCE /* HomeView.swift */; };
		3A61CCC1267A810A00F2DCCE /* HomeViewController.swift in Sources */ = {isa = PBXBuildFile; fileRef = 3A61CCC0267A810A00F2DCCE /* HomeViewController.swift */; };
		3A61CCC6267A8DD400F2DCCE /* StringSources.swift in Sources */ = {isa = PBXBuildFile; fileRef = 3A61CCC5267A8DD400F2DCCE /* StringSources.swift */; };
		3A61CCCB267A8FE200F2DCCE /* NetworkManager.swift in Sources */ = {isa = PBXBuildFile; fileRef = 3A61CCCA267A8FE200F2DCCE /* NetworkManager.swift */; };
		3AB1BC3F267A94BF00574782 /* AppColors.swift in Sources */ = {isa = PBXBuildFile; fileRef = 3AB1BC3E267A94BF00574782 /* AppColors.swift */; };
		3AB1BC45267A98DD00574782 /* LocalStorageManager.swift in Sources */ = {isa = PBXBuildFile; fileRef = 3AB1BC44267A98DD00574782 /* LocalStorageManager.swift */; };
		3AB1BC4B267A9EDD00574782 /* NavigationBarView.swift in Sources */ = {isa = PBXBuildFile; fileRef = 3AB1BC4A267A9EDD00574782 /* NavigationBarView.swift */; };
		3AB1BC53267AA2CA00574782 /* AppExtensions.swift in Sources */ = {isa = PBXBuildFile; fileRef = 3AB1BC52267AA2CA00574782 /* AppExtensions.swift */; };
		3AB1BC5B267AAE7300574782 /* NavBarStandard.swift in Sources */ = {isa = PBXBuildFile; fileRef = 3AB1BC5A267AAE7200574782 /* NavBarStandard.swift */; };
		3AB1BC60267ACF6500574782 /* SearchBarView.swift in Sources */ = {isa = PBXBuildFile; fileRef = 3AB1BC5F267ACF6500574782 /* SearchBarView.swift */; };
		3AB1BC65267AD42E00574782 /* NavBarSearch.swift in Sources */ = {isa = PBXBuildFile; fileRef = 3AB1BC64267AD42E00574782 /* NavBarSearch.swift */; };
		7403F0961CF242B4BB680DB1 /* Pods_MercadoLibreTestTests.framework in Frameworks */ = {isa = PBXBuildFile; fileRef = 015BCF83E4FF0FA0F8DF4EAB /* Pods_MercadoLibreTestTests.framework */; };
		78BECD62777D8AEA909E2B5E /* Pods_MercadoLibreTest.framework in Frameworks */ = {isa = PBXBuildFile; fileRef = 2D9DCFA4C80BF7E800D35651 /* Pods_MercadoLibreTest.framework */; };
		9ADF54BA8CB03B7A29D9AC75 /* Pods_MercadoLibreTest_MercadoLibreTestUITests.framework in Frameworks */ = {isa = PBXBuildFile; fileRef = F0836C5057A25E3766324791 /* Pods_MercadoLibreTest_MercadoLibreTestUITests.framework */; };
/* End PBXBuildFile section */

/* Begin PBXContainerItemProxy section */
		3A38B689267A764F004F05B9 /* PBXContainerItemProxy */ = {
			isa = PBXContainerItemProxy;
			containerPortal = 3A38B66A267A764D004F05B9 /* Project object */;
			proxyType = 1;
			remoteGlobalIDString = 3A38B671267A764D004F05B9;
			remoteInfo = MercadoLibreTest;
		};
		3A38B694267A764F004F05B9 /* PBXContainerItemProxy */ = {
			isa = PBXContainerItemProxy;
			containerPortal = 3A38B66A267A764D004F05B9 /* Project object */;
			proxyType = 1;
			remoteGlobalIDString = 3A38B671267A764D004F05B9;
			remoteInfo = MercadoLibreTest;
		};
/* End PBXContainerItemProxy section */

/* Begin PBXFileReference section */
		015BCF83E4FF0FA0F8DF4EAB /* Pods_MercadoLibreTestTests.framework */ = {isa = PBXFileReference; explicitFileType = wrapper.framework; includeInIndex = 0; path = Pods_MercadoLibreTestTests.framework; sourceTree = BUILT_PRODUCTS_DIR; };
		2D9DCFA4C80BF7E800D35651 /* Pods_MercadoLibreTest.framework */ = {isa = PBXFileReference; explicitFileType = wrapper.framework; includeInIndex = 0; path = Pods_MercadoLibreTest.framework; sourceTree = BUILT_PRODUCTS_DIR; };
		3A299547267BC44B00869A25 /* CountryModel.swift */ = {isa = PBXFileReference; lastKnownFileType = sourcecode.swift; path = CountryModel.swift; sourceTree = "<group>"; };
		3A29954F267BC6B900869A25 /* CategoryModel.swift */ = {isa = PBXFileReference; lastKnownFileType = sourcecode.swift; path = CategoryModel.swift; sourceTree = "<group>"; };
		3A299555267BE5FC00869A25 /* CategoryCellView.swift */ = {isa = PBXFileReference; lastKnownFileType = sourcecode.swift; path = CategoryCellView.swift; sourceTree = "<group>"; };
		3A2C358F267C1B7500C53160 /* ReusableCollectionViewHeader.swift */ = {isa = PBXFileReference; lastKnownFileType = sourcecode.swift; path = ReusableCollectionViewHeader.swift; sourceTree = "<group>"; };
		3A38B672267A764D004F05B9 /* MercadoLibreTest.app */ = {isa = PBXFileReference; explicitFileType = wrapper.application; includeInIndex = 0; path = MercadoLibreTest.app; sourceTree = BUILT_PRODUCTS_DIR; };
		3A38B675267A764D004F05B9 /* AppDelegate.swift */ = {isa = PBXFileReference; lastKnownFileType = sourcecode.swift; path = AppDelegate.swift; sourceTree = "<group>"; };
		3A38B677267A764D004F05B9 /* SceneDelegate.swift */ = {isa = PBXFileReference; lastKnownFileType = sourcecode.swift; path = SceneDelegate.swift; sourceTree = "<group>"; };
		3A38B67E267A764F004F05B9 /* Assets.xcassets */ = {isa = PBXFileReference; lastKnownFileType = folder.assetcatalog; path = Assets.xcassets; sourceTree = "<group>"; };
		3A38B681267A764F004F05B9 /* Base */ = {isa = PBXFileReference; lastKnownFileType = file.storyboard; name = Base; path = Base.lproj/LaunchScreen.storyboard; sourceTree = "<group>"; };
		3A38B683267A764F004F05B9 /* Info.plist */ = {isa = PBXFileReference; lastKnownFileType = text.plist.xml; path = Info.plist; sourceTree = "<group>"; };
		3A38B688267A764F004F05B9 /* MercadoLibreTestTests.xctest */ = {isa = PBXFileReference; explicitFileType = wrapper.cfbundle; includeInIndex = 0; path = MercadoLibreTestTests.xctest; sourceTree = BUILT_PRODUCTS_DIR; };
		3A38B68C267A764F004F05B9 /* MercadoLibreTestTests.swift */ = {isa = PBXFileReference; lastKnownFileType = sourcecode.swift; path = MercadoLibreTestTests.swift; sourceTree = "<group>"; };
		3A38B68E267A764F004F05B9 /* Info.plist */ = {isa = PBXFileReference; lastKnownFileType = text.plist.xml; path = Info.plist; sourceTree = "<group>"; };
		3A38B693267A764F004F05B9 /* MercadoLibreTestUITests.xctest */ = {isa = PBXFileReference; explicitFileType = wrapper.cfbundle; includeInIndex = 0; path = MercadoLibreTestUITests.xctest; sourceTree = BUILT_PRODUCTS_DIR; };
		3A38B697267A764F004F05B9 /* MercadoLibreTestUITests.swift */ = {isa = PBXFileReference; lastKnownFileType = sourcecode.swift; path = MercadoLibreTestUITests.swift; sourceTree = "<group>"; };
		3A38B699267A764F004F05B9 /* Info.plist */ = {isa = PBXFileReference; lastKnownFileType = text.plist.xml; path = Info.plist; sourceTree = "<group>"; };
		3A61CCB8267A80CE00F2DCCE /* HomeView.swift */ = {isa = PBXFileReference; lastKnownFileType = sourcecode.swift; path = HomeView.swift; sourceTree = "<group>"; };
		3A61CCC0267A810A00F2DCCE /* HomeViewController.swift */ = {isa = PBXFileReference; lastKnownFileType = sourcecode.swift; path = HomeViewController.swift; sourceTree = "<group>"; };
		3A61CCC5267A8DD400F2DCCE /* StringSources.swift */ = {isa = PBXFileReference; lastKnownFileType = sourcecode.swift; path = StringSources.swift; sourceTree = "<group>"; };
		3A61CCCA267A8FE200F2DCCE /* NetworkManager.swift */ = {isa = PBXFileReference; lastKnownFileType = sourcecode.swift; path = NetworkManager.swift; sourceTree = "<group>"; };
		3AB1BC3E267A94BF00574782 /* AppColors.swift */ = {isa = PBXFileReference; lastKnownFileType = sourcecode.swift; path = AppColors.swift; sourceTree = "<group>"; };
		3AB1BC44267A98DD00574782 /* LocalStorageManager.swift */ = {isa = PBXFileReference; lastKnownFileType = sourcecode.swift; path = LocalStorageManager.swift; sourceTree = "<group>"; };
		3AB1BC4A267A9EDD00574782 /* NavigationBarView.swift */ = {isa = PBXFileReference; lastKnownFileType = sourcecode.swift; path = NavigationBarView.swift; sourceTree = "<group>"; };
		3AB1BC52267AA2CA00574782 /* AppExtensions.swift */ = {isa = PBXFileReference; lastKnownFileType = sourcecode.swift; path = AppExtensions.swift; sourceTree = "<group>"; };
		3AB1BC5A267AAE7200574782 /* NavBarStandard.swift */ = {isa = PBXFileReference; lastKnownFileType = sourcecode.swift; path = NavBarStandard.swift; sourceTree = "<group>"; };
		3AB1BC5F267ACF6500574782 /* SearchBarView.swift */ = {isa = PBXFileReference; lastKnownFileType = sourcecode.swift; path = SearchBarView.swift; sourceTree = "<group>"; };
		3AB1BC64267AD42E00574782 /* NavBarSearch.swift */ = {isa = PBXFileReference; lastKnownFileType = sourcecode.swift; path = NavBarSearch.swift; sourceTree = "<group>"; };
		3E581B48589A20B8A7C5240E /* Pods-MercadoLibreTest-MercadoLibreTestUITests.debug.xcconfig */ = {isa = PBXFileReference; includeInIndex = 1; lastKnownFileType = text.xcconfig; name = "Pods-MercadoLibreTest-MercadoLibreTestUITests.debug.xcconfig"; path = "Target Support Files/Pods-MercadoLibreTest-MercadoLibreTestUITests/Pods-MercadoLibreTest-MercadoLibreTestUITests.debug.xcconfig"; sourceTree = "<group>"; };
		5534F9D364C72E4E51CB3148 /* Pods-MercadoLibreTest.debug.xcconfig */ = {isa = PBXFileReference; includeInIndex = 1; lastKnownFileType = text.xcconfig; name = "Pods-MercadoLibreTest.debug.xcconfig"; path = "Target Support Files/Pods-MercadoLibreTest/Pods-MercadoLibreTest.debug.xcconfig"; sourceTree = "<group>"; };
		9CDACF83855D6EF0DDC72752 /* Pods-MercadoLibreTestTests.release.xcconfig */ = {isa = PBXFileReference; includeInIndex = 1; lastKnownFileType = text.xcconfig; name = "Pods-MercadoLibreTestTests.release.xcconfig"; path = "Target Support Files/Pods-MercadoLibreTestTests/Pods-MercadoLibreTestTests.release.xcconfig"; sourceTree = "<group>"; };
		B04EAC16E6E34D141F9427F3 /* Pods-MercadoLibreTestTests.debug.xcconfig */ = {isa = PBXFileReference; includeInIndex = 1; lastKnownFileType = text.xcconfig; name = "Pods-MercadoLibreTestTests.debug.xcconfig"; path = "Target Support Files/Pods-MercadoLibreTestTests/Pods-MercadoLibreTestTests.debug.xcconfig"; sourceTree = "<group>"; };
		D7B9DF98230E2AE6B0D4548D /* Pods-MercadoLibreTest-MercadoLibreTestUITests.release.xcconfig */ = {isa = PBXFileReference; includeInIndex = 1; lastKnownFileType = text.xcconfig; name = "Pods-MercadoLibreTest-MercadoLibreTestUITests.release.xcconfig"; path = "Target Support Files/Pods-MercadoLibreTest-MercadoLibreTestUITests/Pods-MercadoLibreTest-MercadoLibreTestUITests.release.xcconfig"; sourceTree = "<group>"; };
		D7F79DBB115C9392C997FA4A /* Pods-MercadoLibreTest.release.xcconfig */ = {isa = PBXFileReference; includeInIndex = 1; lastKnownFileType = text.xcconfig; name = "Pods-MercadoLibreTest.release.xcconfig"; path = "Target Support Files/Pods-MercadoLibreTest/Pods-MercadoLibreTest.release.xcconfig"; sourceTree = "<group>"; };
		F0836C5057A25E3766324791 /* Pods_MercadoLibreTest_MercadoLibreTestUITests.framework */ = {isa = PBXFileReference; explicitFileType = wrapper.framework; includeInIndex = 0; path = Pods_MercadoLibreTest_MercadoLibreTestUITests.framework; sourceTree = BUILT_PRODUCTS_DIR; };
/* End PBXFileReference section */

/* Begin PBXFrameworksBuildPhase section */
		3A38B66F267A764D004F05B9 /* Frameworks */ = {
			isa = PBXFrameworksBuildPhase;
			buildActionMask = 2147483647;
			files = (
				78BECD62777D8AEA909E2B5E /* Pods_MercadoLibreTest.framework in Frameworks */,
			);
			runOnlyForDeploymentPostprocessing = 0;
		};
		3A38B685267A764F004F05B9 /* Frameworks */ = {
			isa = PBXFrameworksBuildPhase;
			buildActionMask = 2147483647;
			files = (
				7403F0961CF242B4BB680DB1 /* Pods_MercadoLibreTestTests.framework in Frameworks */,
			);
			runOnlyForDeploymentPostprocessing = 0;
		};
		3A38B690267A764F004F05B9 /* Frameworks */ = {
			isa = PBXFrameworksBuildPhase;
			buildActionMask = 2147483647;
			files = (
				9ADF54BA8CB03B7A29D9AC75 /* Pods_MercadoLibreTest_MercadoLibreTestUITests.framework in Frameworks */,
			);
			runOnlyForDeploymentPostprocessing = 0;
		};
/* End PBXFrameworksBuildPhase section */

/* Begin PBXGroup section */
		07A42522C69B0D7FE9B6682E /* Pods */ = {
			isa = PBXGroup;
			children = (
				5534F9D364C72E4E51CB3148 /* Pods-MercadoLibreTest.debug.xcconfig */,
				D7F79DBB115C9392C997FA4A /* Pods-MercadoLibreTest.release.xcconfig */,
				3E581B48589A20B8A7C5240E /* Pods-MercadoLibreTest-MercadoLibreTestUITests.debug.xcconfig */,
				D7B9DF98230E2AE6B0D4548D /* Pods-MercadoLibreTest-MercadoLibreTestUITests.release.xcconfig */,
				B04EAC16E6E34D141F9427F3 /* Pods-MercadoLibreTestTests.debug.xcconfig */,
				9CDACF83855D6EF0DDC72752 /* Pods-MercadoLibreTestTests.release.xcconfig */,
			);
			path = Pods;
			sourceTree = "<group>";
		};
		3A299546267BC42800869A25 /* ServicesModels */ = {
			isa = PBXGroup;
			children = (
				3A299547267BC44B00869A25 /* CountryModel.swift */,
				3A29954F267BC6B900869A25 /* CategoryModel.swift */,
			);
			path = ServicesModels;
			sourceTree = "<group>";
		};
		3A299554267BE5D400869A25 /* HomeViews */ = {
			isa = PBXGroup;
			children = (
				3A61CCB8267A80CE00F2DCCE /* HomeView.swift */,
				3A299555267BE5FC00869A25 /* CategoryCellView.swift */,
			);
			path = HomeViews;
			sourceTree = "<group>";
		};
		3A38B669267A764D004F05B9 = {
			isa = PBXGroup;
			children = (
				3A38B674267A764D004F05B9 /* MercadoLibreTest */,
				3A38B68B267A764F004F05B9 /* MercadoLibreTestTests */,
				3A38B696267A764F004F05B9 /* MercadoLibreTestUITests */,
				3A38B673267A764D004F05B9 /* Products */,
				07A42522C69B0D7FE9B6682E /* Pods */,
				6F4E50D76DAFF708DBD88208 /* Frameworks */,
			);
			sourceTree = "<group>";
		};
		3A38B673267A764D004F05B9 /* Products */ = {
			isa = PBXGroup;
			children = (
				3A38B672267A764D004F05B9 /* MercadoLibreTest.app */,
				3A38B688267A764F004F05B9 /* MercadoLibreTestTests.xctest */,
				3A38B693267A764F004F05B9 /* MercadoLibreTestUITests.xctest */,
			);
			name = Products;
			sourceTree = "<group>";
		};
		3A38B674267A764D004F05B9 /* MercadoLibreTest */ = {
			isa = PBXGroup;
			children = (
				3A61CCB6267A809000F2DCCE /* Models */,
				3A61CCB5267A808800F2DCCE /* Views */,
				3A61CCB4267A807500F2DCCE /* ViewControllers */,
				3A61CCB7267A809A00F2DCCE /* Utils */,
				3A38B675267A764D004F05B9 /* AppDelegate.swift */,
				3A38B677267A764D004F05B9 /* SceneDelegate.swift */,
				3A38B67E267A764F004F05B9 /* Assets.xcassets */,
				3A38B680267A764F004F05B9 /* LaunchScreen.storyboard */,
				3A38B683267A764F004F05B9 /* Info.plist */,
			);
			path = MercadoLibreTest;
			sourceTree = "<group>";
		};
		3A38B68B267A764F004F05B9 /* MercadoLibreTestTests */ = {
			isa = PBXGroup;
			children = (
				3A38B68C267A764F004F05B9 /* MercadoLibreTestTests.swift */,
				3A38B68E267A764F004F05B9 /* Info.plist */,
			);
			path = MercadoLibreTestTests;
			sourceTree = "<group>";
		};
		3A38B696267A764F004F05B9 /* MercadoLibreTestUITests */ = {
			isa = PBXGroup;
			children = (
				3A38B697267A764F004F05B9 /* MercadoLibreTestUITests.swift */,
				3A38B699267A764F004F05B9 /* Info.plist */,
			);
			path = MercadoLibreTestUITests;
			sourceTree = "<group>";
		};
		3A4B07DB267AFBE500298BD8 /* SearchViews */ = {
			isa = PBXGroup;
			children = (
			);
			path = SearchViews;
			sourceTree = "<group>";
		};
		3A61CCB4267A807500F2DCCE /* ViewControllers */ = {
			isa = PBXGroup;
			children = (
				3A61CCC0267A810A00F2DCCE /* HomeViewController.swift */,
			);
			path = ViewControllers;
			sourceTree = "<group>";
		};
		3A61CCB5267A808800F2DCCE /* Views */ = {
			isa = PBXGroup;
			children = (
				3A4B07DB267AFBE500298BD8 /* SearchViews */,
				3AB1BC49267A9EB100574782 /* NavigationBar */,
				3A299554267BE5D400869A25 /* HomeViews */,
				3A2C358F267C1B7500C53160 /* ReusableCollectionViewHeader.swift */,
			);
			path = Views;
			sourceTree = "<group>";
		};
		3A61CCB6267A809000F2DCCE /* Models */ = {
			isa = PBXGroup;
			children = (
				3A299546267BC42800869A25 /* ServicesModels */,
			);
			path = Models;
			sourceTree = "<group>";
		};
		3A61CCB7267A809A00F2DCCE /* Utils */ = {
			isa = PBXGroup;
			children = (
				3AB1BC3E267A94BF00574782 /* AppColors.swift */,
				3AB1BC52267AA2CA00574782 /* AppExtensions.swift */,
				3AB1BC44267A98DD00574782 /* LocalStorageManager.swift */,
				3A61CCC5267A8DD400F2DCCE /* StringSources.swift */,
				3A61CCCA267A8FE200F2DCCE /* NetworkManager.swift */,
			);
			path = Utils;
			sourceTree = "<group>";
		};
		3AB1BC49267A9EB100574782 /* NavigationBar */ = {
			isa = PBXGroup;
			children = (
				3AB1BC4A267A9EDD00574782 /* NavigationBarView.swift */,
				3AB1BC5A267AAE7200574782 /* NavBarStandard.swift */,
				3AB1BC64267AD42E00574782 /* NavBarSearch.swift */,
				3AB1BC5F267ACF6500574782 /* SearchBarView.swift */,
			);
			path = NavigationBar;
			sourceTree = "<group>";
		};
		6F4E50D76DAFF708DBD88208 /* Frameworks */ = {
			isa = PBXGroup;
			children = (
				2D9DCFA4C80BF7E800D35651 /* Pods_MercadoLibreTest.framework */,
				F0836C5057A25E3766324791 /* Pods_MercadoLibreTest_MercadoLibreTestUITests.framework */,
				015BCF83E4FF0FA0F8DF4EAB /* Pods_MercadoLibreTestTests.framework */,
			);
			name = Frameworks;
			sourceTree = "<group>";
		};
/* End PBXGroup section */

/* Begin PBXNativeTarget section */
		3A38B671267A764D004F05B9 /* MercadoLibreTest */ = {
			isa = PBXNativeTarget;
			buildConfigurationList = 3A38B69C267A764F004F05B9 /* Build configuration list for PBXNativeTarget "MercadoLibreTest" */;
			buildPhases = (
				4183C166E0BD34A0A3095924 /* [CP] Check Pods Manifest.lock */,
				3A38B66E267A764D004F05B9 /* Sources */,
				3A38B66F267A764D004F05B9 /* Frameworks */,
				3A38B670267A764D004F05B9 /* Resources */,
				216FB8C317D3F0A6AD3419B8 /* [CP] Embed Pods Frameworks */,
			);
			buildRules = (
			);
			dependencies = (
			);
			name = MercadoLibreTest;
			productName = MercadoLibreTest;
			productReference = 3A38B672267A764D004F05B9 /* MercadoLibreTest.app */;
			productType = "com.apple.product-type.application";
		};
		3A38B687267A764F004F05B9 /* MercadoLibreTestTests */ = {
			isa = PBXNativeTarget;
			buildConfigurationList = 3A38B69F267A764F004F05B9 /* Build configuration list for PBXNativeTarget "MercadoLibreTestTests" */;
			buildPhases = (
				15B763A8CF32782361A96D70 /* [CP] Check Pods Manifest.lock */,
				3A38B684267A764F004F05B9 /* Sources */,
				3A38B685267A764F004F05B9 /* Frameworks */,
				3A38B686267A764F004F05B9 /* Resources */,
			);
			buildRules = (
			);
			dependencies = (
				3A38B68A267A764F004F05B9 /* PBXTargetDependency */,
			);
			name = MercadoLibreTestTests;
			productName = MercadoLibreTestTests;
			productReference = 3A38B688267A764F004F05B9 /* MercadoLibreTestTests.xctest */;
			productType = "com.apple.product-type.bundle.unit-test";
		};
		3A38B692267A764F004F05B9 /* MercadoLibreTestUITests */ = {
			isa = PBXNativeTarget;
			buildConfigurationList = 3A38B6A2267A764F004F05B9 /* Build configuration list for PBXNativeTarget "MercadoLibreTestUITests" */;
			buildPhases = (
				C463D38BFD6FBC260473AEAD /* [CP] Check Pods Manifest.lock */,
				3A38B68F267A764F004F05B9 /* Sources */,
				3A38B690267A764F004F05B9 /* Frameworks */,
				3A38B691267A764F004F05B9 /* Resources */,
				C449C43A776A7DB62F3228F6 /* [CP] Embed Pods Frameworks */,
			);
			buildRules = (
			);
			dependencies = (
				3A38B695267A764F004F05B9 /* PBXTargetDependency */,
			);
			name = MercadoLibreTestUITests;
			productName = MercadoLibreTestUITests;
			productReference = 3A38B693267A764F004F05B9 /* MercadoLibreTestUITests.xctest */;
			productType = "com.apple.product-type.bundle.ui-testing";
		};
/* End PBXNativeTarget section */

/* Begin PBXProject section */
		3A38B66A267A764D004F05B9 /* Project object */ = {
			isa = PBXProject;
			attributes = {
				LastSwiftUpdateCheck = 1240;
				LastUpgradeCheck = 1240;
				TargetAttributes = {
					3A38B671267A764D004F05B9 = {
						CreatedOnToolsVersion = 12.4;
					};
					3A38B687267A764F004F05B9 = {
						CreatedOnToolsVersion = 12.4;
						TestTargetID = 3A38B671267A764D004F05B9;
					};
					3A38B692267A764F004F05B9 = {
						CreatedOnToolsVersion = 12.4;
						TestTargetID = 3A38B671267A764D004F05B9;
					};
				};
			};
			buildConfigurationList = 3A38B66D267A764D004F05B9 /* Build configuration list for PBXProject "MercadoLibreTest" */;
			compatibilityVersion = "Xcode 9.3";
			developmentRegion = en;
			hasScannedForEncodings = 0;
			knownRegions = (
				en,
				Base,
			);
			mainGroup = 3A38B669267A764D004F05B9;
			productRefGroup = 3A38B673267A764D004F05B9 /* Products */;
			projectDirPath = "";
			projectRoot = "";
			targets = (
				3A38B671267A764D004F05B9 /* MercadoLibreTest */,
				3A38B687267A764F004F05B9 /* MercadoLibreTestTests */,
				3A38B692267A764F004F05B9 /* MercadoLibreTestUITests */,
			);
		};
/* End PBXProject section */

/* Begin PBXResourcesBuildPhase section */
		3A38B670267A764D004F05B9 /* Resources */ = {
			isa = PBXResourcesBuildPhase;
			buildActionMask = 2147483647;
			files = (
				3A38B682267A764F004F05B9 /* LaunchScreen.storyboard in Resources */,
				3A38B67F267A764F004F05B9 /* Assets.xcassets in Resources */,
			);
			runOnlyForDeploymentPostprocessing = 0;
		};
		3A38B686267A764F004F05B9 /* Resources */ = {
			isa = PBXResourcesBuildPhase;
			buildActionMask = 2147483647;
			files = (
			);
			runOnlyForDeploymentPostprocessing = 0;
		};
		3A38B691267A764F004F05B9 /* Resources */ = {
			isa = PBXResourcesBuildPhase;
			buildActionMask = 2147483647;
			files = (
			);
			runOnlyForDeploymentPostprocessing = 0;
		};
/* End PBXResourcesBuildPhase section */

/* Begin PBXShellScriptBuildPhase section */
		15B763A8CF32782361A96D70 /* [CP] Check Pods Manifest.lock */ = {
			isa = PBXShellScriptBuildPhase;
			buildActionMask = 2147483647;
			files = (
			);
			inputFileListPaths = (
			);
			inputPaths = (
				"${PODS_PODFILE_DIR_PATH}/Podfile.lock",
				"${PODS_ROOT}/Manifest.lock",
			);
			name = "[CP] Check Pods Manifest.lock";
			outputFileListPaths = (
			);
			outputPaths = (
				"$(DERIVED_FILE_DIR)/Pods-MercadoLibreTestTests-checkManifestLockResult.txt",
			);
			runOnlyForDeploymentPostprocessing = 0;
			shellPath = /bin/sh;
			shellScript = "diff \"${PODS_PODFILE_DIR_PATH}/Podfile.lock\" \"${PODS_ROOT}/Manifest.lock\" > /dev/null\nif [ $? != 0 ] ; then\n    # print error to STDERR\n    echo \"error: The sandbox is not in sync with the Podfile.lock. Run 'pod install' or update your CocoaPods installation.\" >&2\n    exit 1\nfi\n# This output is used by Xcode 'outputs' to avoid re-running this script phase.\necho \"SUCCESS\" > \"${SCRIPT_OUTPUT_FILE_0}\"\n";
			showEnvVarsInLog = 0;
		};
		216FB8C317D3F0A6AD3419B8 /* [CP] Embed Pods Frameworks */ = {
			isa = PBXShellScriptBuildPhase;
			buildActionMask = 2147483647;
			files = (
			);
			inputFileListPaths = (
				"${PODS_ROOT}/Target Support Files/Pods-MercadoLibreTest/Pods-MercadoLibreTest-frameworks-${CONFIGURATION}-input-files.xcfilelist",
			);
			name = "[CP] Embed Pods Frameworks";
			outputFileListPaths = (
				"${PODS_ROOT}/Target Support Files/Pods-MercadoLibreTest/Pods-MercadoLibreTest-frameworks-${CONFIGURATION}-output-files.xcfilelist",
			);
			runOnlyForDeploymentPostprocessing = 0;
			shellPath = /bin/sh;
			shellScript = "\"${PODS_ROOT}/Target Support Files/Pods-MercadoLibreTest/Pods-MercadoLibreTest-frameworks.sh\"\n";
			showEnvVarsInLog = 0;
		};
		4183C166E0BD34A0A3095924 /* [CP] Check Pods Manifest.lock */ = {
			isa = PBXShellScriptBuildPhase;
			buildActionMask = 2147483647;
			files = (
			);
			inputFileListPaths = (
			);
			inputPaths = (
				"${PODS_PODFILE_DIR_PATH}/Podfile.lock",
				"${PODS_ROOT}/Manifest.lock",
			);
			name = "[CP] Check Pods Manifest.lock";
			outputFileListPaths = (
			);
			outputPaths = (
				"$(DERIVED_FILE_DIR)/Pods-MercadoLibreTest-checkManifestLockResult.txt",
			);
			runOnlyForDeploymentPostprocessing = 0;
			shellPath = /bin/sh;
			shellScript = "diff \"${PODS_PODFILE_DIR_PATH}/Podfile.lock\" \"${PODS_ROOT}/Manifest.lock\" > /dev/null\nif [ $? != 0 ] ; then\n    # print error to STDERR\n    echo \"error: The sandbox is not in sync with the Podfile.lock. Run 'pod install' or update your CocoaPods installation.\" >&2\n    exit 1\nfi\n# This output is used by Xcode 'outputs' to avoid re-running this script phase.\necho \"SUCCESS\" > \"${SCRIPT_OUTPUT_FILE_0}\"\n";
			showEnvVarsInLog = 0;
		};
		C449C43A776A7DB62F3228F6 /* [CP] Embed Pods Frameworks */ = {
			isa = PBXShellScriptBuildPhase;
			buildActionMask = 2147483647;
			files = (
			);
			inputFileListPaths = (
				"${PODS_ROOT}/Target Support Files/Pods-MercadoLibreTest-MercadoLibreTestUITests/Pods-MercadoLibreTest-MercadoLibreTestUITests-frameworks-${CONFIGURATION}-input-files.xcfilelist",
			);
			name = "[CP] Embed Pods Frameworks";
			outputFileListPaths = (
				"${PODS_ROOT}/Target Support Files/Pods-MercadoLibreTest-MercadoLibreTestUITests/Pods-MercadoLibreTest-MercadoLibreTestUITests-frameworks-${CONFIGURATION}-output-files.xcfilelist",
			);
			runOnlyForDeploymentPostprocessing = 0;
			shellPath = /bin/sh;
			shellScript = "\"${PODS_ROOT}/Target Support Files/Pods-MercadoLibreTest-MercadoLibreTestUITests/Pods-MercadoLibreTest-MercadoLibreTestUITests-frameworks.sh\"\n";
			showEnvVarsInLog = 0;
		};
		C463D38BFD6FBC260473AEAD /* [CP] Check Pods Manifest.lock */ = {
			isa = PBXShellScriptBuildPhase;
			buildActionMask = 2147483647;
			files = (
			);
			inputFileListPaths = (
			);
			inputPaths = (
				"${PODS_PODFILE_DIR_PATH}/Podfile.lock",
				"${PODS_ROOT}/Manifest.lock",
			);
			name = "[CP] Check Pods Manifest.lock";
			outputFileListPaths = (
			);
			outputPaths = (
				"$(DERIVED_FILE_DIR)/Pods-MercadoLibreTest-MercadoLibreTestUITests-checkManifestLockResult.txt",
			);
			runOnlyForDeploymentPostprocessing = 0;
			shellPath = /bin/sh;
			shellScript = "diff \"${PODS_PODFILE_DIR_PATH}/Podfile.lock\" \"${PODS_ROOT}/Manifest.lock\" > /dev/null\nif [ $? != 0 ] ; then\n    # print error to STDERR\n    echo \"error: The sandbox is not in sync with the Podfile.lock. Run 'pod install' or update your CocoaPods installation.\" >&2\n    exit 1\nfi\n# This output is used by Xcode 'outputs' to avoid re-running this script phase.\necho \"SUCCESS\" > \"${SCRIPT_OUTPUT_FILE_0}\"\n";
			showEnvVarsInLog = 0;
		};
/* End PBXShellScriptBuildPhase section */

/* Begin PBXSourcesBuildPhase section */
		3A38B66E267A764D004F05B9 /* Sources */ = {
			isa = PBXSourcesBuildPhase;
			buildActionMask = 2147483647;
			files = (
				3A299548267BC44B00869A25 /* CountryModel.swift in Sources */,
				3A61CCCB267A8FE200F2DCCE /* NetworkManager.swift in Sources */,
				3A2C3590267C1B7500C53160 /* ReusableCollectionViewHeader.swift in Sources */,
				3A61CCB9267A80CE00F2DCCE /* HomeView.swift in Sources */,
				3A38B676267A764D004F05B9 /* AppDelegate.swift in Sources */,
				3A299556267BE5FC00869A25 /* CategoryCellView.swift in Sources */,
				3A38B678267A764D004F05B9 /* SceneDelegate.swift in Sources */,
				3AB1BC60267ACF6500574782 /* SearchBarView.swift in Sources */,
				3AB1BC3F267A94BF00574782 /* AppColors.swift in Sources */,
				3AB1BC53267AA2CA00574782 /* AppExtensions.swift in Sources */,
				3A61CCC6267A8DD400F2DCCE /* StringSources.swift in Sources */,
				3A61CCC1267A810A00F2DCCE /* HomeViewController.swift in Sources */,
				3AB1BC5B267AAE7300574782 /* NavBarStandard.swift in Sources */,
				3AB1BC45267A98DD00574782 /* LocalStorageManager.swift in Sources */,
				3AB1BC4B267A9EDD00574782 /* NavigationBarView.swift in Sources */,
				3A299550267BC6B900869A25 /* CategoryModel.swift in Sources */,
				3AB1BC65267AD42E00574782 /* NavBarSearch.swift in Sources */,
			);
			runOnlyForDeploymentPostprocessing = 0;
		};
		3A38B684267A764F004F05B9 /* Sources */ = {
			isa = PBXSourcesBuildPhase;
			buildActionMask = 2147483647;
			files = (
				3A38B68D267A764F004F05B9 /* MercadoLibreTestTests.swift in Sources */,
			);
			runOnlyForDeploymentPostprocessing = 0;
		};
		3A38B68F267A764F004F05B9 /* Sources */ = {
			isa = PBXSourcesBuildPhase;
			buildActionMask = 2147483647;
			files = (
				3A38B698267A764F004F05B9 /* MercadoLibreTestUITests.swift in Sources */,
			);
			runOnlyForDeploymentPostprocessing = 0;
		};
/* End PBXSourcesBuildPhase section */

/* Begin PBXTargetDependency section */
		3A38B68A267A764F004F05B9 /* PBXTargetDependency */ = {
			isa = PBXTargetDependency;
			target = 3A38B671267A764D004F05B9 /* MercadoLibreTest */;
			targetProxy = 3A38B689267A764F004F05B9 /* PBXContainerItemProxy */;
		};
		3A38B695267A764F004F05B9 /* PBXTargetDependency */ = {
			isa = PBXTargetDependency;
			target = 3A38B671267A764D004F05B9 /* MercadoLibreTest */;
			targetProxy = 3A38B694267A764F004F05B9 /* PBXContainerItemProxy */;
		};
/* End PBXTargetDependency section */

/* Begin PBXVariantGroup section */
		3A38B680267A764F004F05B9 /* LaunchScreen.storyboard */ = {
			isa = PBXVariantGroup;
			children = (
				3A38B681267A764F004F05B9 /* Base */,
			);
			name = LaunchScreen.storyboard;
			sourceTree = "<group>";
		};
/* End PBXVariantGroup section */

/* Begin XCBuildConfiguration section */
		3A38B69A267A764F004F05B9 /* Debug */ = {
			isa = XCBuildConfiguration;
			buildSettings = {
				ALWAYS_SEARCH_USER_PATHS = NO;
				CLANG_ANALYZER_NONNULL = YES;
				CLANG_ANALYZER_NUMBER_OBJECT_CONVERSION = YES_AGGRESSIVE;
				CLANG_CXX_LANGUAGE_STANDARD = "gnu++14";
				CLANG_CXX_LIBRARY = "libc++";
				CLANG_ENABLE_MODULES = YES;
				CLANG_ENABLE_OBJC_ARC = YES;
				CLANG_ENABLE_OBJC_WEAK = YES;
				CLANG_WARN_BLOCK_CAPTURE_AUTORELEASING = YES;
				CLANG_WARN_BOOL_CONVERSION = YES;
				CLANG_WARN_COMMA = YES;
				CLANG_WARN_CONSTANT_CONVERSION = YES;
				CLANG_WARN_DEPRECATED_OBJC_IMPLEMENTATIONS = YES;
				CLANG_WARN_DIRECT_OBJC_ISA_USAGE = YES_ERROR;
				CLANG_WARN_DOCUMENTATION_COMMENTS = YES;
				CLANG_WARN_EMPTY_BODY = YES;
				CLANG_WARN_ENUM_CONVERSION = YES;
				CLANG_WARN_INFINITE_RECURSION = YES;
				CLANG_WARN_INT_CONVERSION = YES;
				CLANG_WARN_NON_LITERAL_NULL_CONVERSION = YES;
				CLANG_WARN_OBJC_IMPLICIT_RETAIN_SELF = YES;
				CLANG_WARN_OBJC_LITERAL_CONVERSION = YES;
				CLANG_WARN_OBJC_ROOT_CLASS = YES_ERROR;
				CLANG_WARN_QUOTED_INCLUDE_IN_FRAMEWORK_HEADER = YES;
				CLANG_WARN_RANGE_LOOP_ANALYSIS = YES;
				CLANG_WARN_STRICT_PROTOTYPES = YES;
				CLANG_WARN_SUSPICIOUS_MOVE = YES;
				CLANG_WARN_UNGUARDED_AVAILABILITY = YES_AGGRESSIVE;
				CLANG_WARN_UNREACHABLE_CODE = YES;
				CLANG_WARN__DUPLICATE_METHOD_MATCH = YES;
				COPY_PHASE_STRIP = NO;
				DEBUG_INFORMATION_FORMAT = dwarf;
				ENABLE_STRICT_OBJC_MSGSEND = YES;
				ENABLE_TESTABILITY = YES;
				GCC_C_LANGUAGE_STANDARD = gnu11;
				GCC_DYNAMIC_NO_PIC = NO;
				GCC_NO_COMMON_BLOCKS = YES;
				GCC_OPTIMIZATION_LEVEL = 0;
				GCC_PREPROCESSOR_DEFINITIONS = (
					"DEBUG=1",
					"$(inherited)",
				);
				GCC_WARN_64_TO_32_BIT_CONVERSION = YES;
				GCC_WARN_ABOUT_RETURN_TYPE = YES_ERROR;
				GCC_WARN_UNDECLARED_SELECTOR = YES;
				GCC_WARN_UNINITIALIZED_AUTOS = YES_AGGRESSIVE;
				GCC_WARN_UNUSED_FUNCTION = YES;
				GCC_WARN_UNUSED_VARIABLE = YES;
				IPHONEOS_DEPLOYMENT_TARGET = 14.4;
				MTL_ENABLE_DEBUG_INFO = INCLUDE_SOURCE;
				MTL_FAST_MATH = YES;
				ONLY_ACTIVE_ARCH = YES;
				SDKROOT = iphoneos;
				SWIFT_ACTIVE_COMPILATION_CONDITIONS = DEBUG;
				SWIFT_OPTIMIZATION_LEVEL = "-Onone";
			};
			name = Debug;
		};
		3A38B69B267A764F004F05B9 /* Release */ = {
			isa = XCBuildConfiguration;
			buildSettings = {
				ALWAYS_SEARCH_USER_PATHS = NO;
				CLANG_ANALYZER_NONNULL = YES;
				CLANG_ANALYZER_NUMBER_OBJECT_CONVERSION = YES_AGGRESSIVE;
				CLANG_CXX_LANGUAGE_STANDARD = "gnu++14";
				CLANG_CXX_LIBRARY = "libc++";
				CLANG_ENABLE_MODULES = YES;
				CLANG_ENABLE_OBJC_ARC = YES;
				CLANG_ENABLE_OBJC_WEAK = YES;
				CLANG_WARN_BLOCK_CAPTURE_AUTORELEASING = YES;
				CLANG_WARN_BOOL_CONVERSION = YES;
				CLANG_WARN_COMMA = YES;
				CLANG_WARN_CONSTANT_CONVERSION = YES;
				CLANG_WARN_DEPRECATED_OBJC_IMPLEMENTATIONS = YES;
				CLANG_WARN_DIRECT_OBJC_ISA_USAGE = YES_ERROR;
				CLANG_WARN_DOCUMENTATION_COMMENTS = YES;
				CLANG_WARN_EMPTY_BODY = YES;
				CLANG_WARN_ENUM_CONVERSION = YES;
				CLANG_WARN_INFINITE_RECURSION = YES;
				CLANG_WARN_INT_CONVERSION = YES;
				CLANG_WARN_NON_LITERAL_NULL_CONVERSION = YES;
				CLANG_WARN_OBJC_IMPLICIT_RETAIN_SELF = YES;
				CLANG_WARN_OBJC_LITERAL_CONVERSION = YES;
				CLANG_WARN_OBJC_ROOT_CLASS = YES_ERROR;
				CLANG_WARN_QUOTED_INCLUDE_IN_FRAMEWORK_HEADER = YES;
				CLANG_WARN_RANGE_LOOP_ANALYSIS = YES;
				CLANG_WARN_STRICT_PROTOTYPES = YES;
				CLANG_WARN_SUSPICIOUS_MOVE = YES;
				CLANG_WARN_UNGUARDED_AVAILABILITY = YES_AGGRESSIVE;
				CLANG_WARN_UNREACHABLE_CODE = YES;
				CLANG_WARN__DUPLICATE_METHOD_MATCH = YES;
				COPY_PHASE_STRIP = NO;
				DEBUG_INFORMATION_FORMAT = "dwarf-with-dsym";
				ENABLE_NS_ASSERTIONS = NO;
				ENABLE_STRICT_OBJC_MSGSEND = YES;
				GCC_C_LANGUAGE_STANDARD = gnu11;
				GCC_NO_COMMON_BLOCKS = YES;
				GCC_WARN_64_TO_32_BIT_CONVERSION = YES;
				GCC_WARN_ABOUT_RETURN_TYPE = YES_ERROR;
				GCC_WARN_UNDECLARED_SELECTOR = YES;
				GCC_WARN_UNINITIALIZED_AUTOS = YES_AGGRESSIVE;
				GCC_WARN_UNUSED_FUNCTION = YES;
				GCC_WARN_UNUSED_VARIABLE = YES;
				IPHONEOS_DEPLOYMENT_TARGET = 14.4;
				MTL_ENABLE_DEBUG_INFO = NO;
				MTL_FAST_MATH = YES;
				SDKROOT = iphoneos;
				SWIFT_COMPILATION_MODE = wholemodule;
				SWIFT_OPTIMIZATION_LEVEL = "-O";
				VALIDATE_PRODUCT = YES;
			};
			name = Release;
		};
		3A38B69D267A764F004F05B9 /* Debug */ = {
			isa = XCBuildConfiguration;
			baseConfigurationReference = 5534F9D364C72E4E51CB3148 /* Pods-MercadoLibreTest.debug.xcconfig */;
			buildSettings = {
				ASSETCATALOG_COMPILER_APPICON_NAME = AppIcon;
				ASSETCATALOG_COMPILER_GLOBAL_ACCENT_COLOR_NAME = AccentColor;
				CODE_SIGN_STYLE = Automatic;
				INFOPLIST_FILE = MercadoLibreTest/Info.plist;
				LD_RUNPATH_SEARCH_PATHS = (
					"$(inherited)",
					"@executable_path/Frameworks",
				);
				PRODUCT_BUNDLE_IDENTIFIER = heyner.MercadoLibreTest;
				PRODUCT_NAME = "$(TARGET_NAME)";
				SWIFT_VERSION = 5.0;
				TARGETED_DEVICE_FAMILY = "1,2";
			};
			name = Debug;
		};
		3A38B69E267A764F004F05B9 /* Release */ = {
			isa = XCBuildConfiguration;
			baseConfigurationReference = D7F79DBB115C9392C997FA4A /* Pods-MercadoLibreTest.release.xcconfig */;
			buildSettings = {
				ASSETCATALOG_COMPILER_APPICON_NAME = AppIcon;
				ASSETCATALOG_COMPILER_GLOBAL_ACCENT_COLOR_NAME = AccentColor;
				CODE_SIGN_STYLE = Automatic;
				INFOPLIST_FILE = MercadoLibreTest/Info.plist;
				LD_RUNPATH_SEARCH_PATHS = (
					"$(inherited)",
					"@executable_path/Frameworks",
				);
				PRODUCT_BUNDLE_IDENTIFIER = heyner.MercadoLibreTest;
				PRODUCT_NAME = "$(TARGET_NAME)";
				SWIFT_VERSION = 5.0;
				TARGETED_DEVICE_FAMILY = "1,2";
			};
			name = Release;
		};
		3A38B6A0267A764F004F05B9 /* Debug */ = {
			isa = XCBuildConfiguration;
			baseConfigurationReference = B04EAC16E6E34D141F9427F3 /* Pods-MercadoLibreTestTests.debug.xcconfig */;
			buildSettings = {
				ALWAYS_EMBED_SWIFT_STANDARD_LIBRARIES = YES;
				BUNDLE_LOADER = "$(TEST_HOST)";
				CODE_SIGN_STYLE = Automatic;
				INFOPLIST_FILE = MercadoLibreTestTests/Info.plist;
				IPHONEOS_DEPLOYMENT_TARGET = 14.4;
				LD_RUNPATH_SEARCH_PATHS = (
					"$(inherited)",
					"@executable_path/Frameworks",
					"@loader_path/Frameworks",
				);
				PRODUCT_BUNDLE_IDENTIFIER = heyner.MercadoLibreTestTests;
				PRODUCT_NAME = "$(TARGET_NAME)";
				SWIFT_VERSION = 5.0;
				TARGETED_DEVICE_FAMILY = "1,2";
				TEST_HOST = "$(BUILT_PRODUCTS_DIR)/MercadoLibreTest.app/MercadoLibreTest";
			};
			name = Debug;
		};
		3A38B6A1267A764F004F05B9 /* Release */ = {
			isa = XCBuildConfiguration;
			baseConfigurationReference = 9CDACF83855D6EF0DDC72752 /* Pods-MercadoLibreTestTests.release.xcconfig */;
			buildSettings = {
				ALWAYS_EMBED_SWIFT_STANDARD_LIBRARIES = YES;
				BUNDLE_LOADER = "$(TEST_HOST)";
				CODE_SIGN_STYLE = Automatic;
				INFOPLIST_FILE = MercadoLibreTestTests/Info.plist;
				IPHONEOS_DEPLOYMENT_TARGET = 14.4;
				LD_RUNPATH_SEARCH_PATHS = (
					"$(inherited)",
					"@executable_path/Frameworks",
					"@loader_path/Frameworks",
				);
				PRODUCT_BUNDLE_IDENTIFIER = heyner.MercadoLibreTestTests;
				PRODUCT_NAME = "$(TARGET_NAME)";
				SWIFT_VERSION = 5.0;
				TARGETED_DEVICE_FAMILY = "1,2";
				TEST_HOST = "$(BUILT_PRODUCTS_DIR)/MercadoLibreTest.app/MercadoLibreTest";
			};
			name = Release;
		};
		3A38B6A3267A764F004F05B9 /* Debug */ = {
			isa = XCBuildConfiguration;
			baseConfigurationReference = 3E581B48589A20B8A7C5240E /* Pods-MercadoLibreTest-MercadoLibreTestUITests.debug.xcconfig */;
			buildSettings = {
				ALWAYS_EMBED_SWIFT_STANDARD_LIBRARIES = YES;
				CODE_SIGN_STYLE = Automatic;
				INFOPLIST_FILE = MercadoLibreTestUITests/Info.plist;
				LD_RUNPATH_SEARCH_PATHS = (
					"$(inherited)",
					"@executable_path/Frameworks",
					"@loader_path/Frameworks",
				);
				PRODUCT_BUNDLE_IDENTIFIER = heyner.MercadoLibreTestUITests;
				PRODUCT_NAME = "$(TARGET_NAME)";
				SWIFT_VERSION = 5.0;
				TARGETED_DEVICE_FAMILY = "1,2";
				TEST_TARGET_NAME = MercadoLibreTest;
			};
			name = Debug;
		};
		3A38B6A4267A764F004F05B9 /* Release */ = {
			isa = XCBuildConfiguration;
			baseConfigurationReference = D7B9DF98230E2AE6B0D4548D /* Pods-MercadoLibreTest-MercadoLibreTestUITests.release.xcconfig */;
			buildSettings = {
				ALWAYS_EMBED_SWIFT_STANDARD_LIBRARIES = YES;
				CODE_SIGN_STYLE = Automatic;
				INFOPLIST_FILE = MercadoLibreTestUITests/Info.plist;
				LD_RUNPATH_SEARCH_PATHS = (
					"$(inherited)",
					"@executable_path/Frameworks",
					"@loader_path/Frameworks",
				);
				PRODUCT_BUNDLE_IDENTIFIER = heyner.MercadoLibreTestUITests;
				PRODUCT_NAME = "$(TARGET_NAME)";
				SWIFT_VERSION = 5.0;
				TARGETED_DEVICE_FAMILY = "1,2";
				TEST_TARGET_NAME = MercadoLibreTest;
			};
			name = Release;
		};
/* End XCBuildConfiguration section */

/* Begin XCConfigurationList section */
		3A38B66D267A764D004F05B9 /* Build configuration list for PBXProject "MercadoLibreTest" */ = {
			isa = XCConfigurationList;
			buildConfigurations = (
				3A38B69A267A764F004F05B9 /* Debug */,
				3A38B69B267A764F004F05B9 /* Release */,
			);
			defaultConfigurationIsVisible = 0;
			defaultConfigurationName = Release;
		};
		3A38B69C267A764F004F05B9 /* Build configuration list for PBXNativeTarget "MercadoLibreTest" */ = {
			isa = XCConfigurationList;
			buildConfigurations = (
				3A38B69D267A764F004F05B9 /* Debug */,
				3A38B69E267A764F004F05B9 /* Release */,
			);
			defaultConfigurationIsVisible = 0;
			defaultConfigurationName = Release;
		};
		3A38B69F267A764F004F05B9 /* Build configuration list for PBXNativeTarget "MercadoLibreTestTests" */ = {
			isa = XCConfigurationList;
			buildConfigurations = (
				3A38B6A0267A764F004F05B9 /* Debug */,
				3A38B6A1267A764F004F05B9 /* Release */,
			);
			defaultConfigurationIsVisible = 0;
			defaultConfigurationName = Release;
		};
		3A38B6A2267A764F004F05B9 /* Build configuration list for PBXNativeTarget "MercadoLibreTestUITests" */ = {
			isa = XCConfigurationList;
			buildConfigurations = (
				3A38B6A3267A764F004F05B9 /* Debug */,
				3A38B6A4267A764F004F05B9 /* Release */,
			);
			defaultConfigurationIsVisible = 0;
			defaultConfigurationName = Release;
		};
/* End XCConfigurationList section */
	};
	rootObject = 3A38B66A267A764D004F05B9 /* Project object */;
}
